
Microsoft Visual Studio Solution File, Format Version 12.00
Project("{2150E333-8FDC-42A3-9474-1A3956D46DE8}") = "Core", "Core", "{649D8A90-AF9B-46ED-A76C-B3E3C50C6B68}"
EndProject
Project("{2150E333-8FDC-42A3-9474-1A3956D46DE8}") = "Shared", "Shared", "{3600383A-565A-4AC2-86CF-E2FBBDA39C97}"
EndProject
Project("{2150E333-8FDC-42A3-9474-1A3956D46DE8}") = "docs", "docs", "{7A8AC91C-7874-4670-B129-F5D80A2AD41E}"
	ProjectSection(SolutionItems) = preProject
		src\docs\coding-standards.md = src\docs\coding-standards.md
		src\docs\migration.txt = src\docs\migration.txt
	EndProjectSection
EndProject
Project("{2150E333-8FDC-42A3-9474-1A3956D46DE8}") = "Presentation", "Presentation", "{04B82B42-0091-453C-B622-9CC3E6B4B476}"
EndProject
Project("{2150E333-8FDC-42A3-9474-1A3956D46DE8}") = "Application", "Application", "{0681A522-6DA1-4B68-8ECF-EB3EFC114B09}"
EndProject
Project("{2150E333-8FDC-42A3-9474-1A3956D46DE8}") = "src", "src", "{4C82BE16-2E20-41FA-B200-DD4AF00F91B9}"
EndProject
Project("{FAE04EC0-301F-11D3-BF4B-00C04F79EFBC}") = "DictionaryChecker", "src\Application\DictionaryChecker\DictionaryChecker.csproj", "{643104F9-BAF2-45CD-B529-240E52EB5161}"
EndProject
Project("{FAE04EC0-301F-11D3-BF4B-00C04F79EFBC}") = "OnlineTranslate", "src\Application\OnlineTranslate\OnlineTranslate.csproj", "{59700BD9-9692-4516-A4A3-4FBF96F91A8B}"
EndProject
Project("{FAE04EC0-301F-11D3-BF4B-00C04F79EFBC}") = "Domain", "src\Core\Domain\Domain.csproj", "{490F0838-40DC-407F-82C3-DA25C9C47686}"
EndProject
Project("{FAE04EC0-301F-11D3-BF4B-00C04F79EFBC}") = "Persistence", "src\Core\Persistence\Persistence.csproj", "{B52777D5-E9F9-4C67-983E-9BCB87498DB5}"
EndProject
Project("{FAE04EC0-301F-11D3-BF4B-00C04F79EFBC}") = "RestFullApi", "src\Presentation\RestFullApi\RestFullApi.csproj", "{6A3BF798-1601-44B7-86D1-A565DB58EDA6}"
EndProject
Project("{FAE04EC0-301F-11D3-BF4B-00C04F79EFBC}") = "Infrastructure", "src\Shared\Infrastructure\Infrastructure.csproj", "{E4F2C1CA-A04D-4DDE-A179-33D75C52E65B}"
EndProject
Project("{FAE04EC0-301F-11D3-BF4B-00C04F79EFBC}") = "PollingServices", "src\Shared\PollingServices\PollingServices.csproj", "{4852D5E5-2B09-43F9-8A63-BE2319329511}"
EndProject
Project("{FAE04EC0-301F-11D3-BF4B-00C04F79EFBC}") = "DynamicFields", "src\Application\DynamicFields\DynamicFields.csproj", "{44A79819-ED4B-4572-AD6A-5C45466AD6AA}"
EndProject
Project("{2150E333-8FDC-42A3-9474-1A3956D46DE8}") = "tests", "tests", "{382C0108-2DA0-4B8E-954E-ADDC4C174343}"
EndProject
Project("{FAE04EC0-301F-11D3-BF4B-00C04F79EFBC}") = "UnitTest", "tests\UnitTest\UnitTest.csproj", "{96399202-16BD-41C1-AE4A-CB56F4C35A52}"
EndProject
Project("{FAE04EC0-301F-11D3-BF4B-00C04F79EFBC}") = "ViewModels", "src\Shared\ViewModels\ViewModels.csproj", "{3745B1FF-38B3-48E7-92B1-69AA2665D751}"
EndProject
Project("{FAE04EC0-301F-11D3-BF4B-00C04F79EFBC}") = "Enums", "src\Shared\Enums\Enums.csproj", "{03D37509-B3CF-4497-82C5-CE0782EA1E8E}"
EndProject
Project("{FAE04EC0-301F-11D3-BF4B-00C04F79EFBC}") = "HttpService", "src\Shared\HttpService\HttpService.csproj", "{EDEF270D-395D-4D95-ABF6-2881DCDCC9CA}"
EndProject
Project("{FAE04EC0-301F-11D3-BF4B-00C04F79EFBC}") = "Resources", "src\Shared\Resources\Resources.csproj", "{38E047D2-CFE2-49CF-9C3A-2EEFD3322C70}"
EndProject
Global
	GlobalSection(SolutionConfigurationPlatforms) = preSolution
		Debug|Any CPU = Debug|Any CPU
		Release|Any CPU = Release|Any CPU
	EndGlobalSection
	GlobalSection(NestedProjects) = preSolution
		{0681A522-6DA1-4B68-8ECF-EB3EFC114B09} = {4C82BE16-2E20-41FA-B200-DD4AF00F91B9}
		{649D8A90-AF9B-46ED-A76C-B3E3C50C6B68} = {4C82BE16-2E20-41FA-B200-DD4AF00F91B9}
		{7A8AC91C-7874-4670-B129-F5D80A2AD41E} = {4C82BE16-2E20-41FA-B200-DD4AF00F91B9}
		{04B82B42-0091-453C-B622-9CC3E6B4B476} = {4C82BE16-2E20-41FA-B200-DD4AF00F91B9}
		{3600383A-565A-4AC2-86CF-E2FBBDA39C97} = {4C82BE16-2E20-41FA-B200-DD4AF00F91B9}
		{643104F9-BAF2-45CD-B529-240E52EB5161} = {0681A522-6DA1-4B68-8ECF-EB3EFC114B09}
		{59700BD9-9692-4516-A4A3-4FBF96F91A8B} = {0681A522-6DA1-4B68-8ECF-EB3EFC114B09}
		{490F0838-40DC-407F-82C3-DA25C9C47686} = {649D8A90-AF9B-46ED-A76C-B3E3C50C6B68}
		{B52777D5-E9F9-4C67-983E-9BCB87498DB5} = {649D8A90-AF9B-46ED-A76C-B3E3C50C6B68}
		{6A3BF798-1601-44B7-86D1-A565DB58EDA6} = {04B82B42-0091-453C-B622-9CC3E6B4B476}
		{E4F2C1CA-A04D-4DDE-A179-33D75C52E65B} = {3600383A-565A-4AC2-86CF-E2FBBDA39C97}
		{4852D5E5-2B09-43F9-8A63-BE2319329511} = {3600383A-565A-4AC2-86CF-E2FBBDA39C97}
		{44A79819-ED4B-4572-AD6A-5C45466AD6AA} = {0681A522-6DA1-4B68-8ECF-EB3EFC114B09}
		{96399202-16BD-41C1-AE4A-CB56F4C35A52} = {382C0108-2DA0-4B8E-954E-ADDC4C174343}
		{3745B1FF-38B3-48E7-92B1-69AA2665D751} = {3600383A-565A-4AC2-86CF-E2FBBDA39C97}
		{03D37509-B3CF-4497-82C5-CE0782EA1E8E} = {3600383A-565A-4AC2-86CF-E2FBBDA39C97}
		{EDEF270D-395D-4D95-ABF6-2881DCDCC9CA} = {3600383A-565A-4AC2-86CF-E2FBBDA39C97}
		{38E047D2-CFE2-49CF-9C3A-2EEFD3322C70} = {3600383A-565A-4AC2-86CF-E2FBBDA39C97}
	EndGlobalSection
	GlobalSection(ProjectConfigurationPlatforms) = postSolution
		{643104F9-BAF2-45CD-B529-240E52EB5161}.Debug|Any CPU.ActiveCfg = Debug|Any CPU
		{643104F9-BAF2-45CD-B529-240E52EB5161}.Debug|Any CPU.Build.0 = Debug|Any CPU
		{643104F9-BAF2-45CD-B529-240E52EB5161}.Release|Any CPU.ActiveCfg = Release|Any CPU
		{643104F9-BAF2-45CD-B529-240E52EB5161}.Release|Any CPU.Build.0 = Release|Any CPU
		{59700BD9-9692-4516-A4A3-4FBF96F91A8B}.Debug|Any CPU.ActiveCfg = Debug|Any CPU
		{59700BD9-9692-4516-A4A3-4FBF96F91A8B}.Debug|Any CPU.Build.0 = Debug|Any CPU
		{59700BD9-9692-4516-A4A3-4FBF96F91A8B}.Release|Any CPU.ActiveCfg = Release|Any CPU
		{59700BD9-9692-4516-A4A3-4FBF96F91A8B}.Release|Any CPU.Build.0 = Release|Any CPU
		{490F0838-40DC-407F-82C3-DA25C9C47686}.Debug|Any CPU.ActiveCfg = Debug|Any CPU
		{490F0838-40DC-407F-82C3-DA25C9C47686}.Debug|Any CPU.Build.0 = Debug|Any CPU
		{490F0838-40DC-407F-82C3-DA25C9C47686}.Release|Any CPU.ActiveCfg = Release|Any CPU
		{490F0838-40DC-407F-82C3-DA25C9C47686}.Release|Any CPU.Build.0 = Release|Any CPU
		{B52777D5-E9F9-4C67-983E-9BCB87498DB5}.Debug|Any CPU.ActiveCfg = Debug|Any CPU
		{B52777D5-E9F9-4C67-983E-9BCB87498DB5}.Debug|Any CPU.Build.0 = Debug|Any CPU
		{B52777D5-E9F9-4C67-983E-9BCB87498DB5}.Release|Any CPU.ActiveCfg = Release|Any CPU
		{B52777D5-E9F9-4C67-983E-9BCB87498DB5}.Release|Any CPU.Build.0 = Release|Any CPU
		{6A3BF798-1601-44B7-86D1-A565DB58EDA6}.Debug|Any CPU.ActiveCfg = Debug|Any CPU
		{6A3BF798-1601-44B7-86D1-A565DB58EDA6}.Debug|Any CPU.Build.0 = Debug|Any CPU
		{6A3BF798-1601-44B7-86D1-A565DB58EDA6}.Release|Any CPU.ActiveCfg = Release|Any CPU
		{6A3BF798-1601-44B7-86D1-A565DB58EDA6}.Release|Any CPU.Build.0 = Release|Any CPU
		{E4F2C1CA-A04D-4DDE-A179-33D75C52E65B}.Debug|Any CPU.ActiveCfg = Debug|Any CPU
		{E4F2C1CA-A04D-4DDE-A179-33D75C52E65B}.Debug|Any CPU.Build.0 = Debug|Any CPU
		{E4F2C1CA-A04D-4DDE-A179-33D75C52E65B}.Release|Any CPU.ActiveCfg = Release|Any CPU
		{E4F2C1CA-A04D-4DDE-A179-33D75C52E65B}.Release|Any CPU.Build.0 = Release|Any CPU
		{4852D5E5-2B09-43F9-8A63-BE2319329511}.Debug|Any CPU.ActiveCfg = Debug|Any CPU
		{4852D5E5-2B09-43F9-8A63-BE2319329511}.Debug|Any CPU.Build.0 = Debug|Any CPU
		{4852D5E5-2B09-43F9-8A63-BE2319329511}.Release|Any CPU.ActiveCfg = Release|Any CPU
		{4852D5E5-2B09-43F9-8A63-BE2319329511}.Release|Any CPU.Build.0 = Release|Any CPU
		{44A79819-ED4B-4572-AD6A-5C45466AD6AA}.Debug|Any CPU.ActiveCfg = Debug|Any CPU
		{44A79819-ED4B-4572-AD6A-5C45466AD6AA}.Debug|Any CPU.Build.0 = Debug|Any CPU
		{44A79819-ED4B-4572-AD6A-5C45466AD6AA}.Release|Any CPU.ActiveCfg = Release|Any CPU
		{44A79819-ED4B-4572-AD6A-5C45466AD6AA}.Release|Any CPU.Build.0 = Release|Any CPU
		{96399202-16BD-41C1-AE4A-CB56F4C35A52}.Debug|Any CPU.ActiveCfg = Debug|Any CPU
		{96399202-16BD-41C1-AE4A-CB56F4C35A52}.Debug|Any CPU.Build.0 = Debug|Any CPU
		{96399202-16BD-41C1-AE4A-CB56F4C35A52}.Release|Any CPU.ActiveCfg = Release|Any CPU
		{96399202-16BD-41C1-AE4A-CB56F4C35A52}.Release|Any CPU.Build.0 = Release|Any CPU
		{3745B1FF-38B3-48E7-92B1-69AA2665D751}.Debug|Any CPU.ActiveCfg = Debug|Any CPU
		{3745B1FF-38B3-48E7-92B1-69AA2665D751}.Debug|Any CPU.Build.0 = Debug|Any CPU
		{3745B1FF-38B3-48E7-92B1-69AA2665D751}.Release|Any CPU.ActiveCfg = Release|Any CPU
		{3745B1FF-38B3-48E7-92B1-69AA2665D751}.Release|Any CPU.Build.0 = Release|Any CPU
		{03D37509-B3CF-4497-82C5-CE0782EA1E8E}.Debug|Any CPU.ActiveCfg = Debug|Any CPU
		{03D37509-B3CF-4497-82C5-CE0782EA1E8E}.Debug|Any CPU.Build.0 = Debug|Any CPU
		{03D37509-B3CF-4497-82C5-CE0782EA1E8E}.Release|Any CPU.ActiveCfg = Release|Any CPU
		{03D37509-B3CF-4497-82C5-CE0782EA1E8E}.Release|Any CPU.Build.0 = Release|Any CPU
		{EDEF270D-395D-4D95-ABF6-2881DCDCC9CA}.Debug|Any CPU.ActiveCfg = Debug|Any CPU
		{EDEF270D-395D-4D95-ABF6-2881DCDCC9CA}.Debug|Any CPU.Build.0 = Debug|Any CPU
		{EDEF270D-395D-4D95-ABF6-2881DCDCC9CA}.Release|Any CPU.ActiveCfg = Release|Any CPU
		{EDEF270D-395D-4D95-ABF6-2881DCDCC9CA}.Release|Any CPU.Build.0 = Release|Any CPU
		{38E047D2-CFE2-49CF-9C3A-2EEFD3322C70}.Debug|Any CPU.ActiveCfg = Debug|Any CPU
		{38E047D2-CFE2-49CF-9C3A-2EEFD3322C70}.Debug|Any CPU.Build.0 = Debug|Any CPU
		{38E047D2-CFE2-49CF-9C3A-2EEFD3322C70}.Release|Any CPU.ActiveCfg = Release|Any CPU
		{38E047D2-CFE2-49CF-9C3A-2EEFD3322C70}.Release|Any CPU.Build.0 = Release|Any CPU
	EndGlobalSection
EndGlobal
